// !$*UTF8*$!
{
	archiveVersion = 1;
	classes = {
	};
	objectVersion = 77;
	objects = {

/* Begin PBXContainerItemProxy section */
		6E5510502D1F04E800DD9858 /* PBXContainerItemProxy */ = {
			isa = PBXContainerItemProxy;
			containerPortal = 6E55102E2D1F04E700DD9858 /* Project object */;
			proxyType = 1;
			remoteGlobalIDString = 6E5510352D1F04E700DD9858;
			remoteInfo = "E-Market";
		};
		6E55105A2D1F04E800DD9858 /* PBXContainerItemProxy */ = {
			isa = PBXContainerItemProxy;
			containerPortal = 6E55102E2D1F04E700DD9858 /* Project object */;
			proxyType = 1;
			remoteGlobalIDString = 6E5510352D1F04E700DD9858;
			remoteInfo = "E-Market";
		};
/* End PBXContainerItemProxy section */

/* Begin PBXFileReference section */
		6E5510362D1F04E700DD9858 /* E-Market.app */ = {isa = PBXFileReference; explicitFileType = wrapper.application; includeInIndex = 0; path = "E-Market.app"; sourceTree = BUILT_PRODUCTS_DIR; };
		6E55104F2D1F04E800DD9858 /* E-MarketTests.xctest */ = {isa = PBXFileReference; explicitFileType = wrapper.cfbundle; includeInIndex = 0; path = "E-MarketTests.xctest"; sourceTree = BUILT_PRODUCTS_DIR; };
		6E5510592D1F04E800DD9858 /* E-MarketUITests.xctest */ = {isa = PBXFileReference; explicitFileType = wrapper.cfbundle; includeInIndex = 0; path = "E-MarketUITests.xctest"; sourceTree = BUILT_PRODUCTS_DIR; };
/* End PBXFileReference section */

/* Begin PBXFileSystemSynchronizedBuildFileExceptionSet section */
		6E5510612D1F04E800DD9858 /* Exceptions for "E-Market" folder in "E-Market" target */ = {
			isa = PBXFileSystemSynchronizedBuildFileExceptionSet;
			membershipExceptions = (
				AppResources/Info.plist,
			);
			target = 6E5510352D1F04E700DD9858 /* E-Market */;
		};
/* End PBXFileSystemSynchronizedBuildFileExceptionSet section */

/* Begin PBXFileSystemSynchronizedRootGroup section */
		6E5510382D1F04E700DD9858 /* E-Market */ = {
			isa = PBXFileSystemSynchronizedRootGroup;
			exceptions = (
				6E5510612D1F04E800DD9858 /* Exceptions for "E-Market" folder in "E-Market" target */,
			);
			path = "E-Market";
			sourceTree = "<group>";
		};
		6E5510522D1F04E800DD9858 /* E-MarketTests */ = {
			isa = PBXFileSystemSynchronizedRootGroup;
			path = "E-MarketTests";
			sourceTree = "<group>";
		};
		6E55105C2D1F04E800DD9858 /* E-MarketUITests */ = {
			isa = PBXFileSystemSynchronizedRootGroup;
			path = "E-MarketUITests";
			sourceTree = "<group>";
		};
/* End PBXFileSystemSynchronizedRootGroup section */

/* Begin PBXFrameworksBuildPhase section */
		6E5510332D1F04E700DD9858 /* Frameworks */ = {
			isa = PBXFrameworksBuildPhase;
			buildActionMask = 2147483647;
			files = (
			);
			runOnlyForDeploymentPostprocessing = 0;
		};
		6E55104C2D1F04E800DD9858 /* Frameworks */ = {
			isa = PBXFrameworksBuildPhase;
			buildActionMask = 2147483647;
			files = (
			);
			runOnlyForDeploymentPostprocessing = 0;
		};
		6E5510562D1F04E800DD9858 /* Frameworks */ = {
			isa = PBXFrameworksBuildPhase;
			buildActionMask = 2147483647;
			files = (
			);
			runOnlyForDeploymentPostprocessing = 0;
		};
/* End PBXFrameworksBuildPhase section */

/* Begin PBXGroup section */
		6E55102D2D1F04E700DD9858 = {
			isa = PBXGroup;
			children = (
				6E5510382D1F04E700DD9858 /* E-Market */,
				6E5510522D1F04E800DD9858 /* E-MarketTests */,
				6E55105C2D1F04E800DD9858 /* E-MarketUITests */,
				6E5510372D1F04E700DD9858 /* Products */,
			);
			sourceTree = "<group>";
		};
		6E5510372D1F04E700DD9858 /* Products */ = {
			isa = PBXGroup;
			children = (
				6E5510362D1F04E700DD9858 /* E-Market.app */,
				6E55104F2D1F04E800DD9858 /* E-MarketTests.xctest */,
				6E5510592D1F04E800DD9858 /* E-MarketUITests.xctest */,
			);
			name = Products;
			sourceTree = "<group>";
		};
/* End PBXGroup section */

/* Begin PBXNativeTarget section */
		6E5510352D1F04E700DD9858 /* E-Market */ = {
			isa = PBXNativeTarget;
			buildConfigurationList = 6E5510622D1F04E800DD9858 /* Build configuration list for PBXNativeTarget "E-Market" */;
			buildPhases = (
				6E5510322D1F04E700DD9858 /* Sources */,
				6E5510332D1F04E700DD9858 /* Frameworks */,
				6E5510342D1F04E700DD9858 /* Resources */,
			);
			buildRules = (
			);
			dependencies = (
			);
			fileSystemSynchronizedGroups = (
				6E5510382D1F04E700DD9858 /* E-Market */,
			);
			name = "E-Market";
			packageProductDependencies = (
			);
			productName = "E-Market";
			productReference = 6E5510362D1F04E700DD9858 /* E-Market.app */;
			productType = "com.apple.product-type.application";
		};
		6E55104E2D1F04E800DD9858 /* E-MarketTests */ = {
			isa = PBXNativeTarget;
			buildConfigurationList = 6E5510672D1F04E800DD9858 /* Build configuration list for PBXNativeTarget "E-MarketTests" */;
			buildPhases = (
				6E55104B2D1F04E800DD9858 /* Sources */,
				6E55104C2D1F04E800DD9858 /* Frameworks */,
				6E55104D2D1F04E800DD9858 /* Resources */,
			);
			buildRules = (
			);
			dependencies = (
				6E5510512D1F04E800DD9858 /* PBXTargetDependency */,
			);
			fileSystemSynchronizedGroups = (
				6E5510522D1F04E800DD9858 /* E-MarketTests */,
			);
			name = "E-MarketTests";
			packageProductDependencies = (
			);
			productName = "E-MarketTests";
			productReference = 6E55104F2D1F04E800DD9858 /* E-MarketTests.xctest */;
			productType = "com.apple.product-type.bundle.unit-test";
		};
		6E5510582D1F04E800DD9858 /* E-MarketUITests */ = {
			isa = PBXNativeTarget;
			buildConfigurationList = 6E55106A2D1F04E800DD9858 /* Build configuration list for PBXNativeTarget "E-MarketUITests" */;
			buildPhases = (
				6E5510552D1F04E800DD9858 /* Sources */,
				6E5510562D1F04E800DD9858 /* Frameworks */,
				6E5510572D1F04E800DD9858 /* Resources */,
			);
			buildRules = (
			);
			dependencies = (
				6E55105B2D1F04E800DD9858 /* PBXTargetDependency */,
			);
			fileSystemSynchronizedGroups = (
				6E55105C2D1F04E800DD9858 /* E-MarketUITests */,
			);
			name = "E-MarketUITests";
			packageProductDependencies = (
			);
			productName = "E-MarketUITests";
			productReference = 6E5510592D1F04E800DD9858 /* E-MarketUITests.xctest */;
			productType = "com.apple.product-type.bundle.ui-testing";
		};
/* End PBXNativeTarget section */

/* Begin PBXProject section */
		6E55102E2D1F04E700DD9858 /* Project object */ = {
			isa = PBXProject;
			attributes = {
				BuildIndependentTargetsInParallel = 1;
				LastSwiftUpdateCheck = 1600;
				LastUpgradeCheck = 1600;
				TargetAttributes = {
					6E5510352D1F04E700DD9858 = {
						CreatedOnToolsVersion = 16.0;
					};
					6E55104E2D1F04E800DD9858 = {
						CreatedOnToolsVersion = 16.0;
						LastSwiftMigration = 1600;
						TestTargetID = 6E5510352D1F04E700DD9858;
					};
					6E5510582D1F04E800DD9858 = {
						CreatedOnToolsVersion = 16.0;
						TestTargetID = 6E5510352D1F04E700DD9858;
					};
				};
			};
			buildConfigurationList = 6E5510312D1F04E700DD9858 /* Build configuration list for PBXProject "E-Market" */;
			developmentRegion = en;
			hasScannedForEncodings = 0;
			knownRegions = (
				en,
				Base,
			);
			mainGroup = 6E55102D2D1F04E700DD9858;
			minimizedProjectReferenceProxies = 1;
			preferredProjectObjectVersion = 77;
			productRefGroup = 6E5510372D1F04E700DD9858 /* Products */;
			projectDirPath = "";
			projectRoot = "";
			targets = (
				6E5510352D1F04E700DD9858 /* E-Market */,
				6E55104E2D1F04E800DD9858 /* E-MarketTests */,
				6E5510582D1F04E800DD9858 /* E-MarketUITests */,
			);
		};
/* End PBXProject section */

/* Begin PBXResourcesBuildPhase section */
		6E5510342D1F04E700DD9858 /* Resources */ = {
			isa = PBXResourcesBuildPhase;
			buildActionMask = 2147483647;
			files = (
			);
			runOnlyForDeploymentPostprocessing = 0;
		};
		6E55104D2D1F04E800DD9858 /* Resources */ = {
			isa = PBXResourcesBuildPhase;
			buildActionMask = 2147483647;
			files = (
			);
			runOnlyForDeploymentPostprocessing = 0;
		};
		6E5510572D1F04E800DD9858 /* Resources */ = {
			isa = PBXResourcesBuildPhase;
			buildActionMask = 2147483647;
			files = (
			);
			runOnlyForDeploymentPostprocessing = 0;
		};
/* End PBXResourcesBuildPhase section */

/* Begin PBXSourcesBuildPhase section */
		6E5510322D1F04E700DD9858 /* Sources */ = {
			isa = PBXSourcesBuildPhase;
			buildActionMask = 2147483647;
			files = (
			);
			runOnlyForDeploymentPostprocessing = 0;
		};
		6E55104B2D1F04E800DD9858 /* Sources */ = {
			isa = PBXSourcesBuildPhase;
			buildActionMask = 2147483647;
			files = (
			);
			runOnlyForDeploymentPostprocessing = 0;
		};
		6E5510552D1F04E800DD9858 /* Sources */ = {
			isa = PBXSourcesBuildPhase;
			buildActionMask = 2147483647;
			files = (
			);
			runOnlyForDeploymentPostprocessing = 0;
		};
/* End PBXSourcesBuildPhase section */

/* Begin PBXTargetDependency section */
		6E5510512D1F04E800DD9858 /* PBXTargetDependency */ = {
			isa = PBXTargetDependency;
			target = 6E5510352D1F04E700DD9858 /* E-Market */;
			targetProxy = 6E5510502D1F04E800DD9858 /* PBXContainerItemProxy */;
		};
		6E55105B2D1F04E800DD9858 /* PBXTargetDependency */ = {
			isa = PBXTargetDependency;
			target = 6E5510352D1F04E700DD9858 /* E-Market */;
			targetProxy = 6E55105A2D1F04E800DD9858 /* PBXContainerItemProxy */;
		};
/* End PBXTargetDependency section */

/* Begin XCBuildConfiguration section */
		6E5510632D1F04E800DD9858 /* Debug */ = {
			isa = XCBuildConfiguration;
			buildSettings = {
				ASSETCATALOG_COMPILER_APPICON_NAME = AppIcon;
				ASSETCATALOG_COMPILER_GLOBAL_ACCENT_COLOR_NAME = AccentColor;
				CODE_SIGN_STYLE = Automatic;
				CURRENT_PROJECT_VERSION = 1;
				DEVELOPMENT_TEAM = BXBLM9X8VJ;
				GENERATE_INFOPLIST_FILE = YES;
				INFOPLIST_FILE = "E-Market/AppResources/Info.plist";
				INFOPLIST_KEY_CFBundleDisplayName = "E-Market";
				INFOPLIST_KEY_UIApplicationSupportsIndirectInputEvents = YES;
				INFOPLIST_KEY_UILaunchStoryboardName = LaunchScreen;
				INFOPLIST_KEY_UISupportedInterfaceOrientations_iPad = "UIInterfaceOrientationPortrait UIInterfaceOrientationPortraitUpsideDown UIInterfaceOrientationLandscapeLeft UIInterfaceOrientationLandscapeRight";
				INFOPLIST_KEY_UISupportedInterfaceOrientations_iPhone = "UIInterfaceOrientationPortrait UIInterfaceOrientationLandscapeLeft UIInterfaceOrientationLandscapeRight";
				IPHONEOS_DEPLOYMENT_TARGET = 15.6;
				LD_RUNPATH_SEARCH_PATHS = (
					"$(inherited)",
					"@executable_path/Frameworks",
				);
				MARKETING_VERSION = 1.0;
				PRODUCT_BUNDLE_IDENTIFIER = "com.MYZK.E-Market";
				PRODUCT_NAME = "$(TARGET_NAME)";
				SUPPORTED_PLATFORMS = "iphoneos iphonesimulator";
				SUPPORTS_MACCATALYST = NO;
				SUPPORTS_MAC_DESIGNED_FOR_IPHONE_IPAD = NO;
				SUPPORTS_XR_DESIGNED_FOR_IPHONE_IPAD = NO;
				SWIFT_EMIT_LOC_STRINGS = YES;
				SWIFT_VERSION = 5.0;
				TARGETED_DEVICE_FAMILY = "1,2";
			};
			name = Debug;
		};
		6E5510642D1F04E800DD9858 /* Release */ = {
			isa = XCBuildConfiguration;
			buildSettings = {
				ASSETCATALOG_COMPILER_APPICON_NAME = AppIcon;
				ASSETCATALOG_COMPILER_GLOBAL_ACCENT_COLOR_NAME = AccentColor;
				CODE_SIGN_STYLE = Automatic;
				CURRENT_PROJECT_VERSION = 1;
				DEVELOPMENT_TEAM = BXBLM9X8VJ;
				GENERATE_INFOPLIST_FILE = YES;
				INFOPLIST_FILE = "E-Market/AppResources/Info.plist";
				INFOPLIST_KEY_CFBundleDisplayName = "E-Market";
				INFOPLIST_KEY_UIApplicationSupportsIndirectInputEvents = YES;
				INFOPLIST_KEY_UILaunchStoryboardName = LaunchScreen;
				INFOPLIST_KEY_UISupportedInterfaceOrientations_iPad = "UIInterfaceOrientationPortrait UIInterfaceOrientationPortraitUpsideDown UIInterfaceOrientationLandscapeLeft UIInterfaceOrientationLandscapeRight";
				INFOPLIST_KEY_UISupportedInterfaceOrientations_iPhone = "UIInterfaceOrientationPortrait UIInterfaceOrientationLandscapeLeft UIInterfaceOrientationLandscapeRight";
				IPHONEOS_DEPLOYMENT_TARGET = 15.6;
				LD_RUNPATH_SEARCH_PATHS = (
					"$(inherited)",
					"@executable_path/Frameworks",
				);
				MARKETING_VERSION = 1.0;
				PRODUCT_BUNDLE_IDENTIFIER = "com.MYZK.E-Market";
				PRODUCT_NAME = "$(TARGET_NAME)";
				SUPPORTED_PLATFORMS = "iphoneos iphonesimulator";
				SUPPORTS_MACCATALYST = NO;
				SUPPORTS_MAC_DESIGNED_FOR_IPHONE_IPAD = NO;
				SUPPORTS_XR_DESIGNED_FOR_IPHONE_IPAD = NO;
				SWIFT_EMIT_LOC_STRINGS = YES;
				SWIFT_VERSION = 5.0;
				TARGETED_DEVICE_FAMILY = "1,2";
			};
			name = Release;
		};
		6E5510652D1F04E800DD9858 /* Debug */ = {
			isa = XCBuildConfiguration;
			buildSettings = {
				ALWAYS_SEARCH_USER_PATHS = NO;
				ASSETCATALOG_COMPILER_GENERATE_SWIFT_ASSET_SYMBOL_EXTENSIONS = YES;
				CLANG_ANALYZER_NONNULL = YES;
				CLANG_ANALYZER_NUMBER_OBJECT_CONVERSION = YES_AGGRESSIVE;
				CLANG_CXX_LANGUAGE_STANDARD = "gnu++20";
				CLANG_ENABLE_MODULES = YES;
				CLANG_ENABLE_OBJC_ARC = YES;
				CLANG_ENABLE_OBJC_WEAK = YES;
				CLANG_WARN_BLOCK_CAPTURE_AUTORELEASING = YES;
				CLANG_WARN_BOOL_CONVERSION = YES;
				CLANG_WARN_COMMA = YES;
				CLANG_WARN_CONSTANT_CONVERSION = YES;
				CLANG_WARN_DEPRECATED_OBJC_IMPLEMENTATIONS = YES;
				CLANG_WARN_DIRECT_OBJC_ISA_USAGE = YES_ERROR;
				CLANG_WARN_DOCUMENTATION_COMMENTS = YES;
				CLANG_WARN_EMPTY_BODY = YES;
				CLANG_WARN_ENUM_CONVERSION = YES;
				CLANG_WARN_INFINITE_RECURSION = YES;
				CLANG_WARN_INT_CONVERSION = YES;
				CLANG_WARN_NON_LITERAL_NULL_CONVERSION = YES;
				CLANG_WARN_OBJC_IMPLICIT_RETAIN_SELF = YES;
				CLANG_WARN_OBJC_LITERAL_CONVERSION = YES;
				CLANG_WARN_OBJC_ROOT_CLASS = YES_ERROR;
				CLANG_WARN_QUOTED_INCLUDE_IN_FRAMEWORK_HEADER = YES;
				CLANG_WARN_RANGE_LOOP_ANALYSIS = YES;
				CLANG_WARN_STRICT_PROTOTYPES = YES;
				CLANG_WARN_SUSPICIOUS_MOVE = YES;
				CLANG_WARN_UNGUARDED_AVAILABILITY = YES_AGGRESSIVE;
				CLANG_WARN_UNREACHABLE_CODE = YES;
				CLANG_WARN__DUPLICATE_METHOD_MATCH = YES;
				COPY_PHASE_STRIP = NO;
				DEBUG_INFORMATION_FORMAT = dwarf;
				ENABLE_STRICT_OBJC_MSGSEND = YES;
				ENABLE_TESTABILITY = YES;
				ENABLE_USER_SCRIPT_SANDBOXING = YES;
				GCC_C_LANGUAGE_STANDARD = gnu17;
				GCC_DYNAMIC_NO_PIC = NO;
				GCC_NO_COMMON_BLOCKS = YES;
				GCC_OPTIMIZATION_LEVEL = 0;
				GCC_PREPROCESSOR_DEFINITIONS = (
					"DEBUG=1",
					"$(inherited)",
				);
				GCC_WARN_64_TO_32_BIT_CONVERSION = YES;
				GCC_WARN_ABOUT_RETURN_TYPE = YES_ERROR;
				GCC_WARN_UNDECLARED_SELECTOR = YES;
				GCC_WARN_UNINITIALIZED_AUTOS = YES_AGGRESSIVE;
				GCC_WARN_UNUSED_FUNCTION = YES;
				GCC_WARN_UNUSED_VARIABLE = YES;
				IPHONEOS_DEPLOYMENT_TARGET = 18.0;
				LOCALIZATION_PREFERS_STRING_CATALOGS = YES;
				MTL_ENABLE_DEBUG_INFO = INCLUDE_SOURCE;
				MTL_FAST_MATH = YES;
				ONLY_ACTIVE_ARCH = YES;
				SDKROOT = iphoneos;
				SWIFT_ACTIVE_COMPILATION_CONDITIONS = "DEBUG $(inherited)";
				SWIFT_OPTIMIZATION_LEVEL = "-Onone";
			};
			name = Debug;
		};
		6E5510662D1F04E800DD9858 /* Release */ = {
			isa = XCBuildConfiguration;
			buildSettings = {
				ALWAYS_SEARCH_USER_PATHS = NO;
				ASSETCATALOG_COMPILER_GENERATE_SWIFT_ASSET_SYMBOL_EXTENSIONS = YES;
				CLANG_ANALYZER_NONNULL = YES;
				CLANG_ANALYZER_NUMBER_OBJECT_CONVERSION = YES_AGGRESSIVE;
				CLANG_CXX_LANGUAGE_STANDARD = "gnu++20";
				CLANG_ENABLE_MODULES = YES;
				CLANG_ENABLE_OBJC_ARC = YES;
				CLANG_ENABLE_OBJC_WEAK = YES;
				CLANG_WARN_BLOCK_CAPTURE_AUTORELEASING = YES;
				CLANG_WARN_BOOL_CONVERSION = YES;
				CLANG_WARN_COMMA = YES;
				CLANG_WARN_CONSTANT_CONVERSION = YES;
				CLANG_WARN_DEPRECATED_OBJC_IMPLEMENTATIONS = YES;
				CLANG_WARN_DIRECT_OBJC_ISA_USAGE = YES_ERROR;
				CLANG_WARN_DOCUMENTATION_COMMENTS = YES;
				CLANG_WARN_EMPTY_BODY = YES;
				CLANG_WARN_ENUM_CONVERSION = YES;
				CLANG_WARN_INFINITE_RECURSION = YES;
				CLANG_WARN_INT_CONVERSION = YES;
				CLANG_WARN_NON_LITERAL_NULL_CONVERSION = YES;
				CLANG_WARN_OBJC_IMPLICIT_RETAIN_SELF = YES;
				CLANG_WARN_OBJC_LITERAL_CONVERSION = YES;
				CLANG_WARN_OBJC_ROOT_CLASS = YES_ERROR;
				CLANG_WARN_QUOTED_INCLUDE_IN_FRAMEWORK_HEADER = YES;
				CLANG_WARN_RANGE_LOOP_ANALYSIS = YES;
				CLANG_WARN_STRICT_PROTOTYPES = YES;
				CLANG_WARN_SUSPICIOUS_MOVE = YES;
				CLANG_WARN_UNGUARDED_AVAILABILITY = YES_AGGRESSIVE;
				CLANG_WARN_UNREACHABLE_CODE = YES;
				CLANG_WARN__DUPLICATE_METHOD_MATCH = YES;
				COPY_PHASE_STRIP = NO;
				DEBUG_INFORMATION_FORMAT = "dwarf-with-dsym";
				ENABLE_NS_ASSERTIONS = NO;
				ENABLE_STRICT_OBJC_MSGSEND = YES;
				ENABLE_USER_SCRIPT_SANDBOXING = YES;
				GCC_C_LANGUAGE_STANDARD = gnu17;
				GCC_NO_COMMON_BLOCKS = YES;
				GCC_WARN_64_TO_32_BIT_CONVERSION = YES;
				GCC_WARN_ABOUT_RETURN_TYPE = YES_ERROR;
				GCC_WARN_UNDECLARED_SELECTOR = YES;
				GCC_WARN_UNINITIALIZED_AUTOS = YES_AGGRESSIVE;
				GCC_WARN_UNUSED_FUNCTION = YES;
				GCC_WARN_UNUSED_VARIABLE = YES;
				IPHONEOS_DEPLOYMENT_TARGET = 18.0;
				LOCALIZATION_PREFERS_STRING_CATALOGS = YES;
				MTL_ENABLE_DEBUG_INFO = NO;
				MTL_FAST_MATH = YES;
				SDKROOT = iphoneos;
				SWIFT_COMPILATION_MODE = wholemodule;
				VALIDATE_PRODUCT = YES;
			};
			name = Release;
		};
		6E5510682D1F04E800DD9858 /* Debug */ = {
			isa = XCBuildConfiguration;
			buildSettings = {
				BUNDLE_LOADER = "$(TEST_HOST)";
				CLANG_ENABLE_MODULES = YES;
				CODE_SIGN_STYLE = Automatic;
				CURRENT_PROJECT_VERSION = 1;
				DEVELOPMENT_TEAM = BXBLM9X8VJ;
				GENERATE_INFOPLIST_FILE = YES;
				IPHONEOS_DEPLOYMENT_TARGET = 18.0;
				MARKETING_VERSION = 1.0;
				PRODUCT_BUNDLE_IDENTIFIER = "com.MYZK.E-MarketTests";
				PRODUCT_NAME = "$(TARGET_NAME)";
				SWIFT_EMIT_LOC_STRINGS = NO;
				SWIFT_OPTIMIZATION_LEVEL = "-Onone";
				SWIFT_VERSION = 5.0;
				TARGETED_DEVICE_FAMILY = "1,2";
				TEST_HOST = "$(BUILT_PRODUCTS_DIR)/E-Market.app/$(BUNDLE_EXECUTABLE_FOLDER_PATH)/E-Market";
			};
			name = Debug;
		};
		6E5510692D1F04E800DD9858 /* Release */ = {
			isa = XCBuildConfiguration;
			buildSettings = {
				BUNDLE_LOADER = "$(TEST_HOST)";
				CLANG_ENABLE_MODULES = YES;
				CODE_SIGN_STYLE = Automatic;
				CURRENT_PROJECT_VERSION = 1;
				DEVELOPMENT_TEAM = BXBLM9X8VJ;
				GENERATE_INFOPLIST_FILE = YES;
				IPHONEOS_DEPLOYMENT_TARGET = 18.0;
				MARKETING_VERSION = 1.0;
				PRODUCT_BUNDLE_IDENTIFIER = "com.MYZK.E-MarketTests";
				PRODUCT_NAME = "$(TARGET_NAME)";
				SWIFT_EMIT_LOC_STRINGS = NO;
				SWIFT_VERSION = 5.0;
				TARGETED_DEVICE_FAMILY = "1,2";
				TEST_HOST = "$(BUILT_PRODUCTS_DIR)/E-Market.app/$(BUNDLE_EXECUTABLE_FOLDER_PATH)/E-Market";
			};
			name = Release;
		};
		6E55106B2D1F04E800DD9858 /* Debug */ = {
			isa = XCBuildConfiguration;
			buildSettings = {
				CODE_SIGN_STYLE = Automatic;
				CURRENT_PROJECT_VERSION = 1;
				DEVELOPMENT_TEAM = BXBLM9X8VJ;
				GENERATE_INFOPLIST_FILE = YES;
				MARKETING_VERSION = 1.0;
				PRODUCT_BUNDLE_IDENTIFIER = "com.MYZK.E-MarketUITests";
				PRODUCT_NAME = "$(TARGET_NAME)";
				SWIFT_EMIT_LOC_STRINGS = NO;
				SWIFT_VERSION = 5.0;
				TARGETED_DEVICE_FAMILY = "1,2";
				TEST_TARGET_NAME = "E-Market";
			};
			name = Debug;
		};
		6E55106C2D1F04E800DD9858 /* Release */ = {
			isa = XCBuildConfiguration;
			buildSettings = {
				CODE_SIGN_STYLE = Automatic;
				CURRENT_PROJECT_VERSION = 1;
				DEVELOPMENT_TEAM = BXBLM9X8VJ;
				GENERATE_INFOPLIST_FILE = YES;
				MARKETING_VERSION = 1.0;
				PRODUCT_BUNDLE_IDENTIFIER = "com.MYZK.E-MarketUITests";
				PRODUCT_NAME = "$(TARGET_NAME)";
				SWIFT_EMIT_LOC_STRINGS = NO;
				SWIFT_VERSION = 5.0;
				TARGETED_DEVICE_FAMILY = "1,2";
				TEST_TARGET_NAME = "E-Market";
			};
			name = Release;
		};
/* End XCBuildConfiguration section */

/* Begin XCConfigurationList section */
		6E5510312D1F04E700DD9858 /* Build configuration list for PBXProject "E-Market" */ = {
			isa = XCConfigurationList;
			buildConfigurations = (
				6E5510652D1F04E800DD9858 /* Debug */,
				6E5510662D1F04E800DD9858 /* Release */,
			);
			defaultConfigurationIsVisible = 0;
			defaultConfigurationName = Release;
		};
		6E5510622D1F04E800DD9858 /* Build configuration list for PBXNativeTarget "E-Market" */ = {
			isa = XCConfigurationList;
			buildConfigurations = (
				6E5510632D1F04E800DD9858 /* Debug */,
				6E5510642D1F04E800DD9858 /* Release */,
			);
			defaultConfigurationIsVisible = 0;
			defaultConfigurationName = Release;
		};
		6E5510672D1F04E800DD9858 /* Build configuration list for PBXNativeTarget "E-MarketTests" */ = {
			isa = XCConfigurationList;
			buildConfigurations = (
				6E5510682D1F04E800DD9858 /* Debug */,
				6E5510692D1F04E800DD9858 /* Release */,
			);
			defaultConfigurationIsVisible = 0;
			defaultConfigurationName = Release;
		};
		6E55106A2D1F04E800DD9858 /* Build configuration list for PBXNativeTarget "E-MarketUITests" */ = {
			isa = XCConfigurationList;
			buildConfigurations = (
				6E55106B2D1F04E800DD9858 /* Debug */,
				6E55106C2D1F04E800DD9858 /* Release */,
			);
			defaultConfigurationIsVisible = 0;
			defaultConfigurationName = Release;
		};
/* End XCConfigurationList section */
	};
	rootObject = 6E55102E2D1F04E700DD9858 /* Project object */;
}
